
Microsoft Visual Studio Solution File, Format Version 12.00
# Visual Studio 14
VisualStudioVersion = 14.0.25420.1
MinimumVisualStudioVersion = 10.0.40219.1
Project("{8BC9CEB8-8B4A-11D0-8D11-00A0C91BC942}") = "MBRProtector", "MBRProtector\MBRProtector.vcxproj", "{252E94D2-4B7E-4BB3-8934-C44F9287AF60}"
EndProject
Project("{8BC9CEB8-8B4A-11D0-8D11-00A0C91BC942}") = "AccessMBR", "AccessMBR\AccessMBR.vcxproj", "{BB7F5ABF-3EDB-44CD-B51F-5BFB58599282}"
EndProject
Global
	GlobalSection(SolutionConfigurationPlatforms) = preSolution
		Debug|ARM = Debug|ARM
		Debug|ARM64 = Debug|ARM64
		Debug|x64 = Debug|x64
		Debug|x86 = Debug|x86
		Release|ARM = Release|ARM
		Release|ARM64 = Release|ARM64
		Release|x64 = Release|x64
		Release|x86 = Release|x86
		Win10 Debug|ARM = Win10 Debug|ARM
		Win10 Debug|ARM64 = Win10 Debug|ARM64
		Win10 Debug|x64 = Win10 Debug|x64
		Win10 Debug|x86 = Win10 Debug|x86
		Win10 Release|ARM = Win10 Release|ARM
		Win10 Release|ARM64 = Win10 Release|ARM64
		Win10 Release|x64 = Win10 Release|x64
		Win10 Release|x86 = Win10 Release|x86
		Win7 Debug|ARM = Win7 Debug|ARM
		Win7 Debug|ARM64 = Win7 Debug|ARM64
		Win7 Debug|x64 = Win7 Debug|x64
		Win7 Debug|x86 = Win7 Debug|x86
		Win7 Release|ARM = Win7 Release|ARM
		Win7 Release|ARM64 = Win7 Release|ARM64
		Win7 Release|x64 = Win7 Release|x64
		Win7 Release|x86 = Win7 Release|x86
		Win8 Debug|ARM = Win8 Debug|ARM
		Win8 Debug|ARM64 = Win8 Debug|ARM64
		Win8 Debug|x64 = Win8 Debug|x64
		Win8 Debug|x86 = Win8 Debug|x86
		Win8 Release|ARM = Win8 Release|ARM
		Win8 Release|ARM64 = Win8 Release|ARM64
		Win8 Release|x64 = Win8 Release|x64
		Win8 Release|x86 = Win8 Release|x86
	EndGlobalSection
	GlobalSection(ProjectConfigurationPlatforms) = postSolution
		{252E94D2-4B7E-4BB3-8934-C44F9287AF60}.Debug|ARM.ActiveCfg = Debug|ARM
		{252E94D2-4B7E-4BB3-8934-C44F9287AF60}.Debug|ARM.Build.0 = Debug|ARM
		{252E94D2-4B7E-4BB3-8934-C44F9287AF60}.Debug|ARM.Deploy.0 = Debug|ARM
		{252E94D2-4B7E-4BB3-8934-C44F9287AF60}.Debug|ARM64.ActiveCfg = Debug|ARM64
		{252E94D2-4B7E-4BB3-8934-C44F9287AF60}.Debug|ARM64.Build.0 = Debug|ARM64
		{252E94D2-4B7E-4BB3-8934-C44F9287AF60}.Debug|ARM64.Deploy.0 = Debug|ARM64
		{252E94D2-4B7E-4BB3-8934-C44F9287AF60}.Debug|x64.ActiveCfg = Debug|x64
		{252E94D2-4B7E-4BB3-8934-C44F9287AF60}.Debug|x64.Build.0 = Debug|x64
		{252E94D2-4B7E-4BB3-8934-C44F9287AF60}.Debug|x64.Deploy.0 = Debug|x64
		{252E94D2-4B7E-4BB3-8934-C44F9287AF60}.Debug|x86.ActiveCfg = Debug|Win32
		{252E94D2-4B7E-4BB3-8934-C44F9287AF60}.Debug|x86.Build.0 = Debug|Win32
		{252E94D2-4B7E-4BB3-8934-C44F9287AF60}.Debug|x86.Deploy.0 = Debug|Win32
		{252E94D2-4B7E-4BB3-8934-C44F9287AF60}.Release|ARM.ActiveCfg = Release|ARM
		{252E94D2-4B7E-4BB3-8934-C44F9287AF60}.Release|ARM.Build.0 = Release|ARM
		{252E94D2-4B7E-4BB3-8934-C44F9287AF60}.Release|ARM.Deploy.0 = Release|ARM
		{252E94D2-4B7E-4BB3-8934-C44F9287AF60}.Release|ARM64.ActiveCfg = Release|ARM64
		{252E94D2-4B7E-4BB3-8934-C44F9287AF60}.Release|ARM64.Build.0 = Release|ARM64
		{252E94D2-4B7E-4BB3-8934-C44F9287AF60}.Release|ARM64.Deploy.0 = Release|ARM64
		{252E94D2-4B7E-4BB3-8934-C44F9287AF60}.Release|x64.ActiveCfg = Release|x64
		{252E94D2-4B7E-4BB3-8934-C44F9287AF60}.Release|x64.Build.0 = Release|x64
		{252E94D2-4B7E-4BB3-8934-C44F9287AF60}.Release|x64.Deploy.0 = Release|x64
		{252E94D2-4B7E-4BB3-8934-C44F9287AF60}.Release|x86.ActiveCfg = Release|Win32
		{252E94D2-4B7E-4BB3-8934-C44F9287AF60}.Release|x86.Build.0 = Release|Win32
		{252E94D2-4B7E-4BB3-8934-C44F9287AF60}.Release|x86.Deploy.0 = Release|Win32
		{252E94D2-4B7E-4BB3-8934-C44F9287AF60}.Win10 Debug|ARM.ActiveCfg = Win10 Debug|ARM
		{252E94D2-4B7E-4BB3-8934-C44F9287AF60}.Win10 Debug|ARM.Build.0 = Win10 Debug|ARM
		{252E94D2-4B7E-4BB3-8934-C44F9287AF60}.Win10 Debug|ARM.Deploy.0 = Win10 Debug|ARM
		{252E94D2-4B7E-4BB3-8934-C44F9287AF60}.Win10 Debug|ARM64.ActiveCfg = Win10 Debug|ARM64
		{252E94D2-4B7E-4BB3-8934-C44F9287AF60}.Win10 Debug|ARM64.Build.0 = Win10 Debug|ARM64
		{252E94D2-4B7E-4BB3-8934-C44F9287AF60}.Win10 Debug|ARM64.Deploy.0 = Win10 Debug|ARM64
		{252E94D2-4B7E-4BB3-8934-C44F9287AF60}.Win10 Debug|x64.ActiveCfg = Win10 Debug|x64
		{252E94D2-4B7E-4BB3-8934-C44F9287AF60}.Win10 Debug|x64.Build.0 = Win10 Debug|x64
		{252E94D2-4B7E-4BB3-8934-C44F9287AF60}.Win10 Debug|x64.Deploy.0 = Win10 Debug|x64
		{252E94D2-4B7E-4BB3-8934-C44F9287AF60}.Win10 Debug|x86.ActiveCfg = Win10 Debug|Win32
		{252E94D2-4B7E-4BB3-8934-C44F9287AF60}.Win10 Debug|x86.Build.0 = Win10 Debug|Win32
		{252E94D2-4B7E-4BB3-8934-C44F9287AF60}.Win10 Debug|x86.Deploy.0 = Win10 Debug|Win32
		{252E94D2-4B7E-4BB3-8934-C44F9287AF60}.Win10 Release|ARM.ActiveCfg = Win10 Release|ARM
		{252E94D2-4B7E-4BB3-8934-C44F9287AF60}.Win10 Release|ARM.Build.0 = Win10 Release|ARM
		{252E94D2-4B7E-4BB3-8934-C44F9287AF60}.Win10 Release|ARM.Deploy.0 = Win10 Release|ARM
		{252E94D2-4B7E-4BB3-8934-C44F9287AF60}.Win10 Release|ARM64.ActiveCfg = Win10 Release|ARM64
		{252E94D2-4B7E-4BB3-8934-C44F9287AF60}.Win10 Release|ARM64.Build.0 = Win10 Release|ARM64
		{252E94D2-4B7E-4BB3-8934-C44F9287AF60}.Win10 Release|ARM64.Deploy.0 = Win10 Release|ARM64
		{252E94D2-4B7E-4BB3-8934-C44F9287AF60}.Win10 Release|x64.ActiveCfg = Win10 Release|x64
		{252E94D2-4B7E-4BB3-8934-C44F9287AF60}.Win10 Release|x64.Build.0 = Win10 Release|x64
		{252E94D2-4B7E-4BB3-8934-C44F9287AF60}.Win10 Release|x64.Deploy.0 = Win10 Release|x64
		{252E94D2-4B7E-4BB3-8934-C44F9287AF60}.Win10 Release|x86.ActiveCfg = Win10 Release|Win32
		{252E94D2-4B7E-4BB3-8934-C44F9287AF60}.Win10 Release|x86.Build.0 = Win10 Release|Win32
		{252E94D2-4B7E-4BB3-8934-C44F9287AF60}.Win10 Release|x86.Deploy.0 = Win10 Release|Win32
		{252E94D2-4B7E-4BB3-8934-C44F9287AF60}.Win7 Debug|ARM.ActiveCfg = Win7 Debug|ARM
		{252E94D2-4B7E-4BB3-8934-C44F9287AF60}.Win7 Debug|ARM.Build.0 = Win7 Debug|ARM
		{252E94D2-4B7E-4BB3-8934-C44F9287AF60}.Win7 Debug|ARM.Deploy.0 = Win7 Debug|ARM
		{252E94D2-4B7E-4BB3-8934-C44F9287AF60}.Win7 Debug|ARM64.ActiveCfg = Win7 Debug|ARM64
		{252E94D2-4B7E-4BB3-8934-C44F9287AF60}.Win7 Debug|ARM64.Build.0 = Win7 Debug|ARM64
		{252E94D2-4B7E-4BB3-8934-C44F9287AF60}.Win7 Debug|ARM64.Deploy.0 = Win7 Debug|ARM64
		{252E94D2-4B7E-4BB3-8934-C44F9287AF60}.Win7 Debug|x64.ActiveCfg = Win7 Debug|x64
		{252E94D2-4B7E-4BB3-8934-C44F9287AF60}.Win7 Debug|x64.Build.0 = Win7 Debug|x64
		{252E94D2-4B7E-4BB3-8934-C44F9287AF60}.Win7 Debug|x64.Deploy.0 = Win7 Debug|x64
		{252E94D2-4B7E-4BB3-8934-C44F9287AF60}.Win7 Debug|x86.ActiveCfg = Win7 Debug|Win32
		{252E94D2-4B7E-4BB3-8934-C44F9287AF60}.Win7 Debug|x86.Build.0 = Win7 Debug|Win32
		{252E94D2-4B7E-4BB3-8934-C44F9287AF60}.Win7 Debug|x86.Deploy.0 = Win7 Debug|Win32
		{252E94D2-4B7E-4BB3-8934-C44F9287AF60}.Win7 Release|ARM.ActiveCfg = Win7 Release|ARM
		{252E94D2-4B7E-4BB3-8934-C44F9287AF60}.Win7 Release|ARM.Build.0 = Win7 Release|ARM
		{252E94D2-4B7E-4BB3-8934-C44F9287AF60}.Win7 Release|ARM.Deploy.0 = Win7 Release|ARM
		{252E94D2-4B7E-4BB3-8934-C44F9287AF60}.Win7 Release|ARM64.ActiveCfg = Win7 Release|ARM64
		{252E94D2-4B7E-4BB3-8934-C44F9287AF60}.Win7 Release|ARM64.Build.0 = Win7 Release|ARM64
		{252E94D2-4B7E-4BB3-8934-C44F9287AF60}.Win7 Release|ARM64.Deploy.0 = Win7 Release|ARM64
		{252E94D2-4B7E-4BB3-8934-C44F9287AF60}.Win7 Release|x64.ActiveCfg = Win7 Release|x64
		{252E94D2-4B7E-4BB3-8934-C44F9287AF60}.Win7 Release|x64.Build.0 = Win7 Release|x64
		{252E94D2-4B7E-4BB3-8934-C44F9287AF60}.Win7 Release|x64.Deploy.0 = Win7 Release|x64
		{252E94D2-4B7E-4BB3-8934-C44F9287AF60}.Win7 Release|x86.ActiveCfg = Win7 Release|Win32
		{252E94D2-4B7E-4BB3-8934-C44F9287AF60}.Win7 Release|x86.Build.0 = Win7 Release|Win32
		{252E94D2-4B7E-4BB3-8934-C44F9287AF60}.Win7 Release|x86.Deploy.0 = Win7 Release|Win32
		{252E94D2-4B7E-4BB3-8934-C44F9287AF60}.Win8 Debug|ARM.ActiveCfg = Win8 Debug|ARM
		{252E94D2-4B7E-4BB3-8934-C44F9287AF60}.Win8 Debug|ARM.Build.0 = Win8 Debug|ARM
		{252E94D2-4B7E-4BB3-8934-C44F9287AF60}.Win8 Debug|ARM.Deploy.0 = Win8 Debug|ARM
		{252E94D2-4B7E-4BB3-8934-C44F9287AF60}.Win8 Debug|ARM64.ActiveCfg = Win8 Debug|ARM64
		{252E94D2-4B7E-4BB3-8934-C44F9287AF60}.Win8 Debug|ARM64.Build.0 = Win8 Debug|ARM64
		{252E94D2-4B7E-4BB3-8934-C44F9287AF60}.Win8 Debug|ARM64.Deploy.0 = Win8 Debug|ARM64
		{252E94D2-4B7E-4BB3-8934-C44F9287AF60}.Win8 Debug|x64.ActiveCfg = Win8 Debug|x64
		{252E94D2-4B7E-4BB3-8934-C44F9287AF60}.Win8 Debug|x64.Build.0 = Win8 Debug|x64
		{252E94D2-4B7E-4BB3-8934-C44F9287AF60}.Win8 Debug|x64.Deploy.0 = Win8 Debug|x64
		{252E94D2-4B7E-4BB3-8934-C44F9287AF60}.Win8 Debug|x86.ActiveCfg = Win8 Debug|Win32
		{252E94D2-4B7E-4BB3-8934-C44F9287AF60}.Win8 Debug|x86.Build.0 = Win8 Debug|Win32
		{252E94D2-4B7E-4BB3-8934-C44F9287AF60}.Win8 Debug|x86.Deploy.0 = Win8 Debug|Win32
		{252E94D2-4B7E-4BB3-8934-C44F9287AF60}.Win8 Release|ARM.ActiveCfg = Win8 Release|ARM
		{252E94D2-4B7E-4BB3-8934-C44F9287AF60}.Win8 Release|ARM.Build.0 = Win8 Release|ARM
		{252E94D2-4B7E-4BB3-8934-C44F9287AF60}.Win8 Release|ARM.Deploy.0 = Win8 Release|ARM
		{252E94D2-4B7E-4BB3-8934-C44F9287AF60}.Win8 Release|ARM64.ActiveCfg = Win8 Release|ARM64
		{252E94D2-4B7E-4BB3-8934-C44F9287AF60}.Win8 Release|ARM64.Build.0 = Win8 Release|ARM64
		{252E94D2-4B7E-4BB3-8934-C44F9287AF60}.Win8 Release|x64.ActiveCfg = Win8 Release|x64
		{252E94D2-4B7E-4BB3-8934-C44F9287AF60}.Win8 Release|x64.Build.0 = Win8 Release|x64
		{252E94D2-4B7E-4BB3-8934-C44F9287AF60}.Win8 Release|x64.Deploy.0 = Win8 Release|x64
		{252E94D2-4B7E-4BB3-8934-C44F9287AF60}.Win8 Release|x86.ActiveCfg = Win8 Release|Win32
		{252E94D2-4B7E-4BB3-8934-C44F9287AF60}.Win8 Release|x86.Build.0 = Win8 Release|Win32
		{252E94D2-4B7E-4BB3-8934-C44F9287AF60}.Win8 Release|x86.Deploy.0 = Win8 Release|Win32
		{BB7F5ABF-3EDB-44CD-B51F-5BFB58599282}.Debug|ARM.ActiveCfg = Debug|Win32
		{BB7F5ABF-3EDB-44CD-B51F-5BFB58599282}.Debug|ARM64.ActiveCfg = Debug|Win32
		{BB7F5ABF-3EDB-44CD-B51F-5BFB58599282}.Debug|x64.ActiveCfg = Debug|Win32
		{BB7F5ABF-3EDB-44CD-B51F-5BFB58599282}.Debug|x86.ActiveCfg = Debug|Win32
		{BB7F5ABF-3EDB-44CD-B51F-5BFB58599282}.Debug|x86.Build.0 = Debug|Win32
		{BB7F5ABF-3EDB-44CD-B51F-5BFB58599282}.Release|ARM.ActiveCfg = Release|Win32
		{BB7F5ABF-3EDB-44CD-B51F-5BFB58599282}.Release|ARM64.ActiveCfg = Release|Win32
		{BB7F5ABF-3EDB-44CD-B51F-5BFB58599282}.Release|x64.ActiveCfg = Release|Win32
		{BB7F5ABF-3EDB-44CD-B51F-5BFB58599282}.Release|x86.ActiveCfg = Release|Win32
		{BB7F5ABF-3EDB-44CD-B51F-5BFB58599282}.Release|x86.Build.0 = Release|Win32
		{BB7F5ABF-3EDB-44CD-B51F-5BFB58599282}.Win10 Debug|ARM.ActiveCfg = Release|Win32
		{BB7F5ABF-3EDB-44CD-B51F-5BFB58599282}.Win10 Debug|ARM.Build.0 = Release|Win32
		{BB7F5ABF-3EDB-44CD-B51F-5BFB58599282}.Win10 Debug|ARM64.ActiveCfg = Release|Win32
		{BB7F5ABF-3EDB-44CD-B51F-5BFB58599282}.Win10 Debug|ARM64.Build.0 = Release|Win32
		{BB7F5ABF-3EDB-44CD-B51F-5BFB58599282}.Win10 Debug|x64.ActiveCfg = Release|Win32
		{BB7F5ABF-3EDB-44CD-B51F-5BFB58599282}.Win10 Debug|x64.Build.0 = Release|Win32
		{BB7F5ABF-3EDB-44CD-B51F-5BFB58599282}.Win10 Debug|x86.ActiveCfg = Debug|Win32
		{BB7F5ABF-3EDB-44CD-B51F-5BFB58599282}.Win10 Debug|x86.Build.0 = Debug|Win32
		{BB7F5ABF-3EDB-44CD-B51F-5BFB58599282}.Win10 Release|ARM.ActiveCfg = Release|Win32
		{BB7F5ABF-3EDB-44CD-B51F-5BFB58599282}.Win10 Release|ARM.Build.0 = Release|Win32
		{BB7F5ABF-3EDB-44CD-B51F-5BFB58599282}.Win10 Release|ARM64.ActiveCfg = Release|Win32
		{BB7F5ABF-3EDB-44CD-B51F-5BFB58599282}.Win10 Release|ARM64.Build.0 = Release|Win32
		{BB7F5ABF-3EDB-44CD-B51F-5BFB58599282}.Win10 Release|x64.ActiveCfg = Release|Win32
		{BB7F5ABF-3EDB-44CD-B51F-5BFB58599282}.Win10 Release|x64.Build.0 = Release|Win32
		{BB7F5ABF-3EDB-44CD-B51F-5BFB58599282}.Win10 Release|x86.ActiveCfg = Release|Win32
		{BB7F5ABF-3EDB-44CD-B51F-5BFB58599282}.Win10 Release|x86.Build.0 = Release|Win32
		{BB7F5ABF-3EDB-44CD-B51F-5BFB58599282}.Win7 Debug|ARM.ActiveCfg = Release|Win32
		{BB7F5ABF-3EDB-44CD-B51F-5BFB58599282}.Win7 Debug|ARM.Build.0 = Release|Win32
		{BB7F5ABF-3EDB-44CD-B51F-5BFB58599282}.Win7 Debug|ARM64.ActiveCfg = Release|Win32
		{BB7F5ABF-3EDB-44CD-B51F-5BFB58599282}.Win7 Debug|ARM64.Build.0 = Release|Win32
		{BB7F5ABF-3EDB-44CD-B51F-5BFB58599282}.Win7 Debug|x64.ActiveCfg = Release|Win32
		{BB7F5ABF-3EDB-44CD-B51F-5BFB58599282}.Win7 Debug|x64.Build.0 = Release|Win32
		{BB7F5ABF-3EDB-44CD-B51F-5BFB58599282}.Win7 Debug|x86.ActiveCfg = Debug|Win32
		{BB7F5ABF-3EDB-44CD-B51F-5BFB58599282}.Win7 Debug|x86.Build.0 = Debug|Win32
		{BB7F5ABF-3EDB-44CD-B51F-5BFB58599282}.Win7 Release|ARM.ActiveCfg = Release|Win32
		{BB7F5ABF-3EDB-44CD-B51F-5BFB58599282}.Win7 Release|ARM.Build.0 = Release|Win32
		{BB7F5ABF-3EDB-44CD-B51F-5BFB58599282}.Win7 Release|ARM64.ActiveCfg = Release|Win32
		{BB7F5ABF-3EDB-44CD-B51F-5BFB58599282}.Win7 Release|ARM64.Build.0 = Release|Win32
		{BB7F5ABF-3EDB-44CD-B51F-5BFB58599282}.Win7 Release|x64.ActiveCfg = Release|Win32
		{BB7F5ABF-3EDB-44CD-B51F-5BFB58599282}.Win7 Release|x64.Build.0 = Release|Win32
		{BB7F5ABF-3EDB-44CD-B51F-5BFB58599282}.Win7 Release|x86.ActiveCfg = Release|Win32
		{BB7F5ABF-3EDB-44CD-B51F-5BFB58599282}.Win7 Release|x86.Build.0 = Release|Win32
		{BB7F5ABF-3EDB-44CD-B51F-5BFB58599282}.Win8 Debug|ARM.ActiveCfg = Release|Win32
		{BB7F5ABF-3EDB-44CD-B51F-5BFB58599282}.Win8 Debug|ARM.Build.0 = Release|Win32
		{BB7F5ABF-3EDB-44CD-B51F-5BFB58599282}.Win8 Debug|ARM64.ActiveCfg = Release|Win32
		{BB7F5ABF-3EDB-44CD-B51F-5BFB58599282}.Win8 Debug|ARM64.Build.0 = Release|Win32
		{BB7F5ABF-3EDB-44CD-B51F-5BFB58599282}.Win8 Debug|x64.ActiveCfg = Release|Win32
		{BB7F5ABF-3EDB-44CD-B51F-5BFB58599282}.Win8 Debug|x64.Build.0 = Release|Win32
		{BB7F5ABF-3EDB-44CD-B51F-5BFB58599282}.Win8 Debug|x86.ActiveCfg = Debug|Win32
		{BB7F5ABF-3EDB-44CD-B51F-5BFB58599282}.Win8 Debug|x86.Build.0 = Debug|Win32
		{BB7F5ABF-3EDB-44CD-B51F-5BFB58599282}.Win8 Release|ARM.ActiveCfg = Release|Win32
		{BB7F5ABF-3EDB-44CD-B51F-5BFB58599282}.Win8 Release|ARM.Build.0 = Release|Win32
		{BB7F5ABF-3EDB-44CD-B51F-5BFB58599282}.Win8 Release|ARM64.ActiveCfg = Release|Win32
		{BB7F5ABF-3EDB-44CD-B51F-5BFB58599282}.Win8 Release|ARM64.Build.0 = Release|Win32
		{BB7F5ABF-3EDB-44CD-B51F-5BFB58599282}.Win8 Release|x64.ActiveCfg = Release|Win32
		{BB7F5ABF-3EDB-44CD-B51F-5BFB58599282}.Win8 Release|x64.Build.0 = Release|Win32
		{BB7F5ABF-3EDB-44CD-B51F-5BFB58599282}.Win8 Release|x86.ActiveCfg = Release|Win32
		{BB7F5ABF-3EDB-44CD-B51F-5BFB58599282}.Win8 Release|x86.Build.0 = Release|Win32
	EndGlobalSection
	GlobalSection(SolutionProperties) = preSolution
		HideSolutionNode = FALSE
	EndGlobalSection
EndGlobal
